
Microsoft Visual Studio Solution File, Format Version 12.00
# Visual Studio Version 16
VisualStudioVersion = 16.0.31410.357
MinimumVisualStudioVersion = 10.0.40219.1
Project("{FAE04EC0-301F-11D3-BF4B-00C04F79EFBC}") = "API", "API.csproj", "{DA788A00-F8B2-4D9C-BC8C-D8699DDA36D4}"
EndProject
Global
	GlobalSection(SolutionConfigurationPlatforms) = preSolution
		Debug|Any CPU = Debug|Any CPU
		Release|Any CPU = Release|Any CPU
	EndGlobalSection
	GlobalSection(ProjectConfigurationPlatforms) = postSolution
		{DA788A00-F8B2-4D9C-BC8C-D8699DDA36D4}.Debug|Any CPU.ActiveCfg = Debug|Any CPU
		{DA788A00-F8B2-4D9C-BC8C-D8699DDA36D4}.Debug|Any CPU.Build.0 = Debug|Any CPU
		{DA788A00-F8B2-4D9C-BC8C-D8699DDA36D4}.Release|Any CPU.ActiveCfg = Release|Any CPU
		{DA788A00-F8B2-4D9C-BC8C-D8699DDA36D4}.Release|Any CPU.Build.0 = Release|Any CPU
	EndGlobalSection
	GlobalSection(SolutionProperties) = preSolution
		HideSolutionNode = FALSE
	EndGlobalSection
	GlobalSection(ExtensibilityGlobals) = postSolution
		SolutionGuid = {CDB53C41-1BF3-4FA1-A12A-CF3EBCBF4403}
	EndGlobalSection
EndGlobal
